
Microsoft Visual Studio Solution File, Format Version 12.00
# Visual Studio Version 16
VisualStudioVersion = 16.0.30523.141
MinimumVisualStudioVersion = 10.0.40219.1
Project("{FAE04EC0-301F-11D3-BF4B-00C04F79EFBC}") = "4.1 черт побери", "4.1 черт побери\4.1 черт побери.csproj", "{BBB938B8-3FFE-4F43-92B1-A86112016C9C}"
EndProject
Global
	GlobalSection(SolutionConfigurationPlatforms) = preSolution
		Debug|Any CPU = Debug|Any CPU
		Release|Any CPU = Release|Any CPU
	EndGlobalSection
	GlobalSection(ProjectConfigurationPlatforms) = postSolution
		{BBB938B8-3FFE-4F43-92B1-A86112016C9C}.Debug|Any CPU.ActiveCfg = Debug|Any CPU
		{BBB938B8-3FFE-4F43-92B1-A86112016C9C}.Debug|Any CPU.Build.0 = Debug|Any CPU
		{BBB938B8-3FFE-4F43-92B1-A86112016C9C}.Release|Any CPU.ActiveCfg = Release|Any CPU
		{BBB938B8-3FFE-4F43-92B1-A86112016C9C}.Release|Any CPU.Build.0 = Release|Any CPU
	EndGlobalSection
	GlobalSection(SolutionProperties) = preSolution
		HideSolutionNode = FALSE
	EndGlobalSection
	GlobalSection(ExtensibilityGlobals) = postSolution
		SolutionGuid = {2C0E02A4-BDC7-4F32-B443-4F5C1F09C4E0}
	EndGlobalSection
EndGlobal
